
Microsoft Visual Studio Solution File, Format Version 12.00
# Visual Studio Version 17
VisualStudioVersion = 17.14.36518.9 d17.14
MinimumVisualStudioVersion = 10.0.40219.1
Project("{8BC9CEB8-8B4A-11D0-8D11-00A0C91BC942}") = "lab3.1", "lab3.1\lab3.1.vcxproj", "{37DB60DF-DE21-451D-A7B2-23FA527065E2}"
EndProject
Global
	GlobalSection(SolutionConfigurationPlatforms) = preSolution
		Debug|x64 = Debug|x64
		Debug|x86 = Debug|x86
		Release|x64 = Release|x64
		Release|x86 = Release|x86
	EndGlobalSection
	GlobalSection(ProjectConfigurationPlatforms) = postSolution
		{37DB60DF-DE21-451D-A7B2-23FA527065E2}.Debug|x64.ActiveCfg = Debug|x64
		{37DB60DF-DE21-451D-A7B2-23FA527065E2}.Debug|x64.Build.0 = Debug|x64
		{37DB60DF-DE21-451D-A7B2-23FA527065E2}.Debug|x86.ActiveCfg = Debug|Win32
		{37DB60DF-DE21-451D-A7B2-23FA527065E2}.Debug|x86.Build.0 = Debug|Win32
		{37DB60DF-DE21-451D-A7B2-23FA527065E2}.Release|x64.ActiveCfg = Release|x64
		{37DB60DF-DE21-451D-A7B2-23FA527065E2}.Release|x64.Build.0 = Release|x64
		{37DB60DF-DE21-451D-A7B2-23FA527065E2}.Release|x86.ActiveCfg = Release|Win32
		{37DB60DF-DE21-451D-A7B2-23FA527065E2}.Release|x86.Build.0 = Release|Win32
	EndGlobalSection
	GlobalSection(SolutionProperties) = preSolution
		HideSolutionNode = FALSE
	EndGlobalSection
	GlobalSection(ExtensibilityGlobals) = postSolution
		SolutionGuid = {2637A46B-C9AD-4F8F-9608-E15052D27D13}
	EndGlobalSection
EndGlobal
